{
  "name": "publish-to-medium",
  "version": "0.1.2",
  "lockfileVersion": 2,
  "requires": true,
  "packages": {
    "": {
      "name": "publish-to-medium",
      "version": "0.1.2",
      "license": "MIT",
      "dependencies": {
        "axios": "^0.26.1",
        "inkdrop-export-utils": "^3.2.7"
      },
      "engines": {
        "inkdrop": "^5.3.1"
      }
    },
    "node_modules/axios": {
      "version": "0.26.1",
      "resolved": "https://registry.npmjs.org/axios/-/axios-0.26.1.tgz",
      "integrity": "sha512-fPwcX4EvnSHuInCMItEhAGnaSEXRBjtzh9fOtsE6E1G6p7vl7edEeZe11QHf18+6+9gR5PbKV/sGKNaD8YaMeA==",
      "dependencies": {
        "follow-redirects": "^1.14.8"
      }
    },
    "node_modules/follow-redirects": {
      "version": "1.14.9",
      "resolved": "https://registry.npmjs.org/follow-redirects/-/follow-redirects-1.14.9.tgz",
      "integrity": "sha512-MQDfihBQYMcyy5dhRDJUHcw7lb2Pv/TuE6xP1vyraLukNDHKbDxDNaOE3NbCAdKQApno+GPRyo1YAp89yCjK4w==",
      "funding": [
        {
          "type": "individual",
          "url": "https://github.com/sponsors/RubenVerborgh"
        }
      ],
      "engines": {
        "node": ">=4.0"
      },
      "peerDependenciesMeta": {
        "debug": {
          "optional": true
        }
      }
    },
    "node_modules/inkdrop-export-utils": {
      "version": "3.2.7",
      "resolved": "https://registry.npmjs.org/inkdrop-export-utils/-/inkdrop-export-utils-3.2.7.tgz",
      "integrity": "sha512-qfQPZKmlAdqgY8oKqFqEEjUJKAdsualrmxx2WPZ87AwL9LeyNm+PtneV/MejweFJ1uNiQQVuS5A4ebOGhJ9Vww==",
      "dependencies": {
        "inkdrop-model": "^2.6.2"
      },
      "engines": {
        "inkdrop": "^5.x"
      }
    },
    "node_modules/inkdrop-model": {
      "version": "2.6.2",
      "resolved": "https://registry.npmjs.org/inkdrop-model/-/inkdrop-model-2.6.2.tgz",
      "integrity": "sha512-rm3NCCK/K6IXGBeKgDjdHgq2D5HXTUo/j3pUfNAFNo0Qe1I8VC9NpxwTxJbYo5ZMbJXAFpLf5RwJ1yOJNLps1g=="
    }
  },
  "dependencies": {
    "axios": {
      "version": "0.26.1",
      "resolved": "https://registry.npmjs.org/axios/-/axios-0.26.1.tgz",
      "integrity": "sha512-fPwcX4EvnSHuInCMItEhAGnaSEXRBjtzh9fOtsE6E1G6p7vl7edEeZe11QHf18+6+9gR5PbKV/sGKNaD8YaMeA==",
      "requires": {
        "follow-redirects": "^1.14.8"
      }
    },
    "follow-redirects": {
      "version": "1.14.9",
      "resolved": "https://registry.npmjs.org/follow-redirects/-/follow-redirects-1.14.9.tgz",
      "integrity": "sha512-MQDfihBQYMcyy5dhRDJUHcw7lb2Pv/TuE6xP1vyraLukNDHKbDxDNaOE3NbCAdKQApno+GPRyo1YAp89yCjK4w=="
    },
    "inkdrop-export-utils": {
      "version": "3.2.7",
      "resolved": "https://registry.npmjs.org/inkdrop-export-utils/-/inkdrop-export-utils-3.2.7.tgz",
      "integrity": "sha512-qfQPZKmlAdqgY8oKqFqEEjUJKAdsualrmxx2WPZ87AwL9LeyNm+PtneV/MejweFJ1uNiQQVuS5A4ebOGhJ9Vww==",
      "requires": {
        "inkdrop-model": "^2.6.2"
      }
    },
    "inkdrop-model": {
      "version": "2.6.2",
      "resolved": "https://registry.npmjs.org/inkdrop-model/-/inkdrop-model-2.6.2.tgz",
      "integrity": "sha512-rm3NCCK/K6IXGBeKgDjdHgq2D5HXTUo/j3pUfNAFNo0Qe1I8VC9NpxwTxJbYo5ZMbJXAFpLf5RwJ1yOJNLps1g=="
    }
  }
}
